
Microsoft Visual Studio Solution File, Format Version 12.00
# Visual Studio Version 17
VisualStudioVersion = 17.10.34902.84
MinimumVisualStudioVersion = 10.0.40219.1
Project("{FAE04EC0-301F-11D3-BF4B-00C04F79EFBC}") = "HospitalManagement.Web.Api", "HospitalManagement.Web.Api\HospitalManagement.Web.Api.csproj", "{FDE33702-DDB4-409F-9CA4-AE86975879CE}"
EndProject
Project("{FAE04EC0-301F-11D3-BF4B-00C04F79EFBC}") = "HospitalManagement.Services", "HospitalManagement.Services\HospitalManagement.Services.csproj", "{3F1CEBA2-AA83-4A53-B61E-19DF7A51F0A8}"
EndProject
Project("{E53339B2-1760-4266-BCC7-CA923CBCF16C}") = "docker-compose", "docker-compose.dcproj", "{CF01B512-1726-4A2F-9A62-D7B131AD23E7}"
EndProject
Global
	GlobalSection(SolutionConfigurationPlatforms) = preSolution
		Debug|Any CPU = Debug|Any CPU
		Release|Any CPU = Release|Any CPU
	EndGlobalSection
	GlobalSection(ProjectConfigurationPlatforms) = postSolution
		{FDE33702-DDB4-409F-9CA4-AE86975879CE}.Debug|Any CPU.ActiveCfg = Debug|Any CPU
		{FDE33702-DDB4-409F-9CA4-AE86975879CE}.Debug|Any CPU.Build.0 = Debug|Any CPU
		{FDE33702-DDB4-409F-9CA4-AE86975879CE}.Release|Any CPU.ActiveCfg = Release|Any CPU
		{FDE33702-DDB4-409F-9CA4-AE86975879CE}.Release|Any CPU.Build.0 = Release|Any CPU
		{3F1CEBA2-AA83-4A53-B61E-19DF7A51F0A8}.Debug|Any CPU.ActiveCfg = Debug|Any CPU
		{3F1CEBA2-AA83-4A53-B61E-19DF7A51F0A8}.Debug|Any CPU.Build.0 = Debug|Any CPU
		{3F1CEBA2-AA83-4A53-B61E-19DF7A51F0A8}.Release|Any CPU.ActiveCfg = Release|Any CPU
		{3F1CEBA2-AA83-4A53-B61E-19DF7A51F0A8}.Release|Any CPU.Build.0 = Release|Any CPU
		{CF01B512-1726-4A2F-9A62-D7B131AD23E7}.Debug|Any CPU.ActiveCfg = Debug|Any CPU
		{CF01B512-1726-4A2F-9A62-D7B131AD23E7}.Debug|Any CPU.Build.0 = Debug|Any CPU
		{CF01B512-1726-4A2F-9A62-D7B131AD23E7}.Release|Any CPU.ActiveCfg = Release|Any CPU
		{CF01B512-1726-4A2F-9A62-D7B131AD23E7}.Release|Any CPU.Build.0 = Release|Any CPU
	EndGlobalSection
	GlobalSection(SolutionProperties) = preSolution
		HideSolutionNode = FALSE
	EndGlobalSection
	GlobalSection(ExtensibilityGlobals) = postSolution
		SolutionGuid = {357FB9B8-F66B-4448-868E-A364CEBDA540}
	EndGlobalSection
EndGlobal
